
Microsoft Visual Studio Solution File, Format Version 12.00
Project("{FAE04EC0-301F-11D3-BF4B-00C04F79EFBC}") = "Discord_Bot", "Discord_Bot\Discord_Bot.csproj", "{797F556D-7462-4113-B2D4-28C684F47306}"
EndProject
Global
	GlobalSection(SolutionConfigurationPlatforms) = preSolution
		Debug|Any CPU = Debug|Any CPU
		Release|Any CPU = Release|Any CPU
	EndGlobalSection
	GlobalSection(ProjectConfigurationPlatforms) = postSolution
		{797F556D-7462-4113-B2D4-28C684F47306}.Debug|Any CPU.ActiveCfg = Debug|Any CPU
		{797F556D-7462-4113-B2D4-28C684F47306}.Debug|Any CPU.Build.0 = Debug|Any CPU
		{797F556D-7462-4113-B2D4-28C684F47306}.Release|Any CPU.ActiveCfg = Release|Any CPU
		{797F556D-7462-4113-B2D4-28C684F47306}.Release|Any CPU.Build.0 = Release|Any CPU
	EndGlobalSection
EndGlobal
